
Microsoft Visual Studio Solution File, Format Version 12.00
# Visual Studio Version 17
VisualStudioVersion = 17.4.33205.214
MinimumVisualStudioVersion = 10.0.40219.1
Project("{FAE04EC0-301F-11D3-BF4B-00C04F79EFBC}") = "SınavSonucuHesaplama", "SınavSonucuHesaplama\SınavSonucuHesaplama.csproj", "{2DA34443-EA75-426D-82C6-2432D9BCBBF6}"
EndProject
Project("{54435603-DBB4-11D2-8724-00A0C9A8B90C}") = "ExamPadSetup", "ExamPadSetup\ExamPadSetup.vdproj", "{F7922427-BC54-4AB1-B229-B9A51E0709A8}"
EndProject
Global
	GlobalSection(SolutionConfigurationPlatforms) = preSolution
		Debug|Any CPU = Debug|Any CPU
		Release|Any CPU = Release|Any CPU
	EndGlobalSection
	GlobalSection(ProjectConfigurationPlatforms) = postSolution
		{2DA34443-EA75-426D-82C6-2432D9BCBBF6}.Debug|Any CPU.ActiveCfg = Debug|Any CPU
		{2DA34443-EA75-426D-82C6-2432D9BCBBF6}.Debug|Any CPU.Build.0 = Debug|Any CPU
		{2DA34443-EA75-426D-82C6-2432D9BCBBF6}.Release|Any CPU.ActiveCfg = Release|Any CPU
		{2DA34443-EA75-426D-82C6-2432D9BCBBF6}.Release|Any CPU.Build.0 = Release|Any CPU
		{F7922427-BC54-4AB1-B229-B9A51E0709A8}.Debug|Any CPU.ActiveCfg = Debug
		{F7922427-BC54-4AB1-B229-B9A51E0709A8}.Release|Any CPU.ActiveCfg = Release
	EndGlobalSection
	GlobalSection(SolutionProperties) = preSolution
		HideSolutionNode = FALSE
	EndGlobalSection
	GlobalSection(ExtensibilityGlobals) = postSolution
		SolutionGuid = {795EBF81-56A9-4E93-B284-BC06CA0534F9}
	EndGlobalSection
EndGlobal
